
Microsoft Visual Studio Solution File, Format Version 12.00
# Visual Studio Version 16
VisualStudioVersion = 16.0.31129.286
MinimumVisualStudioVersion = 10.0.40219.1
Project("{FAE04EC0-301F-11D3-BF4B-00C04F79EFBC}") = "Hospite", "Hospite\Hospite.csproj", "{51338DD0-7072-49C9-AF83-7E608F03CC8A}"
EndProject
Global
	GlobalSection(SolutionConfigurationPlatforms) = preSolution
		Debug|Any CPU = Debug|Any CPU
		Release|Any CPU = Release|Any CPU
	EndGlobalSection
	GlobalSection(ProjectConfigurationPlatforms) = postSolution
		{51338DD0-7072-49C9-AF83-7E608F03CC8A}.Debug|Any CPU.ActiveCfg = Debug|Any CPU
		{51338DD0-7072-49C9-AF83-7E608F03CC8A}.Debug|Any CPU.Build.0 = Debug|Any CPU
		{51338DD0-7072-49C9-AF83-7E608F03CC8A}.Release|Any CPU.ActiveCfg = Release|Any CPU
		{51338DD0-7072-49C9-AF83-7E608F03CC8A}.Release|Any CPU.Build.0 = Release|Any CPU
	EndGlobalSection
	GlobalSection(SolutionProperties) = preSolution
		HideSolutionNode = FALSE
	EndGlobalSection
	GlobalSection(ExtensibilityGlobals) = postSolution
		SolutionGuid = {E8E6D308-9829-41C2-B913-86A45F26FDBC}
	EndGlobalSection
EndGlobal
